// !$*UTF8*$!
{
	archiveVersion = 1;
	classes = {
	};
	objectVersion = 54;
	objects = {

/* Begin PBXBuildFile section */
		709D61D78563AEE9161F196E /* Pods_OneBook.framework in Frameworks */ = {isa = PBXBuildFile; fileRef = 8A31CB016695BA8C78F1AA17 /* Pods_OneBook.framework */; };
		A71B7331267B282C00B76E4E /* TableViewController.swift in Sources */ = {isa = PBXBuildFile; fileRef = A71B7330267B282C00B76E4E /* TableViewController.swift */; };
		A71B733A267B332A00B76E4E /* Singleton.swift in Sources */ = {isa = PBXBuildFile; fileRef = A71B7339267B332A00B76E4E /* Singleton.swift */; };
		A71B733C267B3F0000B76E4E /* BaseLabel.swift in Sources */ = {isa = PBXBuildFile; fileRef = A71B733B267B3F0000B76E4E /* BaseLabel.swift */; };
		A72803EE26BA7C5200BA9A17 /* UserInfomationMenuView.swift in Sources */ = {isa = PBXBuildFile; fileRef = A72803ED26BA7C5200BA9A17 /* UserInfomationMenuView.swift */; };
		A7541697267C77D3007D39E2 /* OBTabbarController.swift in Sources */ = {isa = PBXBuildFile; fileRef = A7541696267C77D3007D39E2 /* OBTabbarController.swift */; };
		A754169F267C9353007D39E2 /* BookshelfViewController.swift in Sources */ = {isa = PBXBuildFile; fileRef = A754169E267C9353007D39E2 /* BookshelfViewController.swift */; };
		A75416A1267C9390007D39E2 /* BaseViewController.swift in Sources */ = {isa = PBXBuildFile; fileRef = A75416A0267C9390007D39E2 /* BaseViewController.swift */; };
		A754DB2F26525B8400007C94 /* AppDelegate.swift in Sources */ = {isa = PBXBuildFile; fileRef = A754DB2E26525B8400007C94 /* AppDelegate.swift */; };
		A754DB3126525B8400007C94 /* SceneDelegate.swift in Sources */ = {isa = PBXBuildFile; fileRef = A754DB3026525B8400007C94 /* SceneDelegate.swift */; };
		A754DB3326525B8400007C94 /* ViewController.swift in Sources */ = {isa = PBXBuildFile; fileRef = A754DB3226525B8400007C94 /* ViewController.swift */; };
		A754DB3626525B8400007C94 /* Main.storyboard in Resources */ = {isa = PBXBuildFile; fileRef = A754DB3426525B8400007C94 /* Main.storyboard */; };
		A754DB3826525B8500007C94 /* Assets.xcassets in Resources */ = {isa = PBXBuildFile; fileRef = A754DB3726525B8500007C94 /* Assets.xcassets */; };
		A754DB3B26525B8500007C94 /* LaunchScreen.storyboard in Resources */ = {isa = PBXBuildFile; fileRef = A754DB3926525B8500007C94 /* LaunchScreen.storyboard */; };
		A760D36A26B7A22200E2F5AB /* UComicTCell.swift in Sources */ = {isa = PBXBuildFile; fileRef = A760D36926B7A22200E2F5AB /* UComicTCell.swift */; };
		A762297F26EA0BD100E61B45 /* FindResponds.swift in Sources */ = {isa = PBXBuildFile; fileRef = A762297E26EA0BD100E61B45 /* FindResponds.swift */; };
		A765E82D2B85D81500A224EC /* Continuation.swift in Sources */ = {isa = PBXBuildFile; fileRef = A765E82C2B85D81500A224EC /* Continuation.swift */; };
		A768C637265CEBB70012074F /* LayoutableButton.swift in Sources */ = {isa = PBXBuildFile; fileRef = A768C636265CEBB70012074F /* LayoutableButton.swift */; };
		A77C9F642AFC78A0004311E6 /* OBWebVC.swift in Sources */ = {isa = PBXBuildFile; fileRef = A77C9F632AFC78A0004311E6 /* OBWebVC.swift */; };
		A7996E4827DAE44B00EACD90 /* GenericsDictionary.swift in Sources */ = {isa = PBXBuildFile; fileRef = A7996E4727DAE44B00EACD90 /* GenericsDictionary.swift */; };
		A7DAA2452681E573003A3D15 /* MineViewController.swift in Sources */ = {isa = PBXBuildFile; fileRef = A7DAA2442681E573003A3D15 /* MineViewController.swift */; };
		A7DAA2482681E803003A3D15 /* SourceViewController.swift in Sources */ = {isa = PBXBuildFile; fileRef = A7DAA2472681E803003A3D15 /* SourceViewController.swift */; };
		A7DAA24D2681E86B003A3D15 /* SubscibeViewController.swift in Sources */ = {isa = PBXBuildFile; fileRef = A7DAA24C2681E86B003A3D15 /* SubscibeViewController.swift */; };
		A7DDA0112667600400ED525B /* GlobalPicker.swift in Sources */ = {isa = PBXBuildFile; fileRef = A7DDA0102667600400ED525B /* GlobalPicker.swift */; };
		A7DDA0132667624A00ED525B /* MyThemes.swift in Sources */ = {isa = PBXBuildFile; fileRef = A7DDA0122667624A00ED525B /* MyThemes.swift */; };
		A7E961292AE2228F0099052B /* InputFooterView.swift in Sources */ = {isa = PBXBuildFile; fileRef = A7E961282AE2228F0099052B /* InputFooterView.swift */; };
		A7F01A6326D49284008CF286 /* UIViewRxEmptyDataExtension.swift in Sources */ = {isa = PBXBuildFile; fileRef = A7F01A6226D49284008CF286 /* UIViewRxEmptyDataExtension.swift */; };
		A7F01A6626D49679008CF286 /* UIStateEnum.swift in Sources */ = {isa = PBXBuildFile; fileRef = A7F01A6526D49679008CF286 /* UIStateEnum.swift */; };
		A7F01A6C26D4C8E4008CF286 /* R.generated.swift in Sources */ = {isa = PBXBuildFile; fileRef = A7F01A6B26D4C8E4008CF286 /* R.generated.swift */; };
		A7F01A9C26D76235008CF286 /* SplashScreenView.swift in Sources */ = {isa = PBXBuildFile; fileRef = A7F01A9B26D76235008CF286 /* SplashScreenView.swift */; };
		A7F2C34C268D584200C1D3F7 /* THAccountInfoModel.swift in Sources */ = {isa = PBXBuildFile; fileRef = A7F2C34B268D584200C1D3F7 /* THAccountInfoModel.swift */; };
		A7FF62D02B4E85DB007079A6 /* CodeInputView.swift in Sources */ = {isa = PBXBuildFile; fileRef = A7FF62CF2B4E85DB007079A6 /* CodeInputView.swift */; };
/* End PBXBuildFile section */

/* Begin PBXCopyFilesBuildPhase section */
		A7717CB2266F69210015CAD5 /* Embed Frameworks */ = {
			isa = PBXCopyFilesBuildPhase;
			buildActionMask = 2147483647;
			dstPath = "";
			dstSubfolderSpec = 10;
			files = (
			);
			name = "Embed Frameworks";
			runOnlyForDeploymentPostprocessing = 0;
		};
/* End PBXCopyFilesBuildPhase section */

/* Begin PBXFileReference section */
		2D1BA5D4258A67E75F3A70B3 /* Pods-OneBook.internal.xcconfig */ = {isa = PBXFileReference; includeInIndex = 1; lastKnownFileType = text.xcconfig; name = "Pods-OneBook.internal.xcconfig"; path = "Target Support Files/Pods-OneBook/Pods-OneBook.internal.xcconfig"; sourceTree = "<group>"; };
		8A31CB016695BA8C78F1AA17 /* Pods_OneBook.framework */ = {isa = PBXFileReference; explicitFileType = wrapper.framework; includeInIndex = 0; path = Pods_OneBook.framework; sourceTree = BUILT_PRODUCTS_DIR; };
		9341A568208A2A799F49F78B /* Pods-OneBook.debug.xcconfig */ = {isa = PBXFileReference; includeInIndex = 1; lastKnownFileType = text.xcconfig; name = "Pods-OneBook.debug.xcconfig"; path = "Target Support Files/Pods-OneBook/Pods-OneBook.debug.xcconfig"; sourceTree = "<group>"; };
		A71B7330267B282C00B76E4E /* TableViewController.swift */ = {isa = PBXFileReference; lastKnownFileType = sourcecode.swift; path = TableViewController.swift; sourceTree = "<group>"; };
		A71B7339267B332A00B76E4E /* Singleton.swift */ = {isa = PBXFileReference; lastKnownFileType = sourcecode.swift; path = Singleton.swift; sourceTree = "<group>"; };
		A71B733B267B3F0000B76E4E /* BaseLabel.swift */ = {isa = PBXFileReference; lastKnownFileType = sourcecode.swift; path = BaseLabel.swift; sourceTree = "<group>"; };
		A72803ED26BA7C5200BA9A17 /* UserInfomationMenuView.swift */ = {isa = PBXFileReference; lastKnownFileType = sourcecode.swift; path = UserInfomationMenuView.swift; sourceTree = "<group>"; };
		A7541696267C77D3007D39E2 /* OBTabbarController.swift */ = {isa = PBXFileReference; lastKnownFileType = sourcecode.swift; path = OBTabbarController.swift; sourceTree = "<group>"; };
		A754169E267C9353007D39E2 /* BookshelfViewController.swift */ = {isa = PBXFileReference; lastKnownFileType = sourcecode.swift; path = BookshelfViewController.swift; sourceTree = "<group>"; };
		A75416A0267C9390007D39E2 /* BaseViewController.swift */ = {isa = PBXFileReference; lastKnownFileType = sourcecode.swift; path = BaseViewController.swift; sourceTree = "<group>"; };
		A754DB2B26525B8400007C94 /* OneBook.app */ = {isa = PBXFileReference; explicitFileType = wrapper.application; includeInIndex = 0; path = OneBook.app; sourceTree = BUILT_PRODUCTS_DIR; };
		A754DB2E26525B8400007C94 /* AppDelegate.swift */ = {isa = PBXFileReference; lastKnownFileType = sourcecode.swift; path = AppDelegate.swift; sourceTree = "<group>"; };
		A754DB3026525B8400007C94 /* SceneDelegate.swift */ = {isa = PBXFileReference; lastKnownFileType = sourcecode.swift; path = SceneDelegate.swift; sourceTree = "<group>"; };
		A754DB3226525B8400007C94 /* ViewController.swift */ = {isa = PBXFileReference; lastKnownFileType = sourcecode.swift; path = ViewController.swift; sourceTree = "<group>"; };
		A754DB3526525B8400007C94 /* Base */ = {isa = PBXFileReference; lastKnownFileType = file.storyboard; name = Base; path = Base.lproj/Main.storyboard; sourceTree = "<group>"; };
		A754DB3726525B8500007C94 /* Assets.xcassets */ = {isa = PBXFileReference; lastKnownFileType = folder.assetcatalog; path = Assets.xcassets; sourceTree = "<group>"; };
		A754DB3A26525B8500007C94 /* Base */ = {isa = PBXFileReference; lastKnownFileType = file.storyboard; name = Base; path = Base.lproj/LaunchScreen.storyboard; sourceTree = "<group>"; };
		A754DB3C26525B8500007C94 /* Info.plist */ = {isa = PBXFileReference; lastKnownFileType = text.plist.xml; path = Info.plist; sourceTree = "<group>"; };
		A760D36926B7A22200E2F5AB /* UComicTCell.swift */ = {isa = PBXFileReference; lastKnownFileType = sourcecode.swift; path = UComicTCell.swift; sourceTree = "<group>"; };
		A762297E26EA0BD100E61B45 /* FindResponds.swift */ = {isa = PBXFileReference; lastKnownFileType = sourcecode.swift; path = FindResponds.swift; sourceTree = "<group>"; };
		A765E82C2B85D81500A224EC /* Continuation.swift */ = {isa = PBXFileReference; lastKnownFileType = sourcecode.swift; name = Continuation.swift; path = String/Continuation.swift; sourceTree = "<group>"; };
		A768C636265CEBB70012074F /* LayoutableButton.swift */ = {isa = PBXFileReference; lastKnownFileType = sourcecode.swift; path = LayoutableButton.swift; sourceTree = "<group>"; };
		A77C9F632AFC78A0004311E6 /* OBWebVC.swift */ = {isa = PBXFileReference; lastKnownFileType = sourcecode.swift; path = OBWebVC.swift; sourceTree = "<group>"; };
		A7996E4727DAE44B00EACD90 /* GenericsDictionary.swift */ = {isa = PBXFileReference; lastKnownFileType = sourcecode.swift; path = GenericsDictionary.swift; sourceTree = "<group>"; };
		A7DAA2442681E573003A3D15 /* MineViewController.swift */ = {isa = PBXFileReference; lastKnownFileType = sourcecode.swift; path = MineViewController.swift; sourceTree = "<group>"; };
		A7DAA2472681E803003A3D15 /* SourceViewController.swift */ = {isa = PBXFileReference; lastKnownFileType = sourcecode.swift; path = SourceViewController.swift; sourceTree = "<group>"; };
		A7DAA24C2681E86B003A3D15 /* SubscibeViewController.swift */ = {isa = PBXFileReference; lastKnownFileType = sourcecode.swift; path = SubscibeViewController.swift; sourceTree = "<group>"; };
		A7DDA0102667600400ED525B /* GlobalPicker.swift */ = {isa = PBXFileReference; lastKnownFileType = sourcecode.swift; path = GlobalPicker.swift; sourceTree = "<group>"; };
		A7DDA0122667624A00ED525B /* MyThemes.swift */ = {isa = PBXFileReference; lastKnownFileType = sourcecode.swift; path = MyThemes.swift; sourceTree = "<group>"; };
		A7E961282AE2228F0099052B /* InputFooterView.swift */ = {isa = PBXFileReference; lastKnownFileType = sourcecode.swift; path = InputFooterView.swift; sourceTree = "<group>"; };
		A7F01A6226D49284008CF286 /* UIViewRxEmptyDataExtension.swift */ = {isa = PBXFileReference; lastKnownFileType = sourcecode.swift; path = UIViewRxEmptyDataExtension.swift; sourceTree = "<group>"; };
		A7F01A6526D49679008CF286 /* UIStateEnum.swift */ = {isa = PBXFileReference; lastKnownFileType = sourcecode.swift; path = UIStateEnum.swift; sourceTree = "<group>"; };
		A7F01A6B26D4C8E4008CF286 /* R.generated.swift */ = {isa = PBXFileReference; fileEncoding = 4; lastKnownFileType = sourcecode.swift; path = R.generated.swift; sourceTree = SOURCE_ROOT; };
		A7F01A9B26D76235008CF286 /* SplashScreenView.swift */ = {isa = PBXFileReference; fileEncoding = 4; lastKnownFileType = sourcecode.swift; path = SplashScreenView.swift; sourceTree = "<group>"; };
		A7F2C34B268D584200C1D3F7 /* THAccountInfoModel.swift */ = {isa = PBXFileReference; lastKnownFileType = sourcecode.swift; path = THAccountInfoModel.swift; sourceTree = "<group>"; };
		A7FF62CF2B4E85DB007079A6 /* CodeInputView.swift */ = {isa = PBXFileReference; lastKnownFileType = sourcecode.swift; path = CodeInputView.swift; sourceTree = "<group>"; };
		CD58DFCBE1B394A4858DAD7D /* Pods-OneBook.appstore.xcconfig */ = {isa = PBXFileReference; includeInIndex = 1; lastKnownFileType = text.xcconfig; name = "Pods-OneBook.appstore.xcconfig"; path = "Target Support Files/Pods-OneBook/Pods-OneBook.appstore.xcconfig"; sourceTree = "<group>"; };
		E1425A8F32B192155E14890B /* Pods-OneBook.release.xcconfig */ = {isa = PBXFileReference; includeInIndex = 1; lastKnownFileType = text.xcconfig; name = "Pods-OneBook.release.xcconfig"; path = "Target Support Files/Pods-OneBook/Pods-OneBook.release.xcconfig"; sourceTree = "<group>"; };
/* End PBXFileReference section */

/* Begin PBXFrameworksBuildPhase section */
		A754DB2826525B8400007C94 /* Frameworks */ = {
			isa = PBXFrameworksBuildPhase;
			buildActionMask = 2147483647;
			files = (
				709D61D78563AEE9161F196E /* Pods_OneBook.framework in Frameworks */,
			);
			runOnlyForDeploymentPostprocessing = 0;
		};
/* End PBXFrameworksBuildPhase section */

/* Begin PBXGroup section */
		0124882CF0E2766F06F5EA10 /* Pods */ = {
			isa = PBXGroup;
			children = (
				9341A568208A2A799F49F78B /* Pods-OneBook.debug.xcconfig */,
				E1425A8F32B192155E14890B /* Pods-OneBook.release.xcconfig */,
				2D1BA5D4258A67E75F3A70B3 /* Pods-OneBook.internal.xcconfig */,
				CD58DFCBE1B394A4858DAD7D /* Pods-OneBook.appstore.xcconfig */,
			);
			name = Pods;
			path = ../Pods;
			sourceTree = "<group>";
		};
		148644D1137E94C436692B5F /* Frameworks */ = {
			isa = PBXGroup;
			children = (
				8A31CB016695BA8C78F1AA17 /* Pods_OneBook.framework */,
			);
			name = Frameworks;
			sourceTree = "<group>";
		};
		A71B7332267B285D00B76E4E /* Foundations */ = {
			isa = PBXGroup;
			children = (
				A71B733D267B487400B76E4E /* Tabbar */,
				A71B7333267B286D00B76E4E /* Base */,
			);
			path = Foundations;
			sourceTree = "<group>";
		};
		A71B7333267B286D00B76E4E /* Base */ = {
			isa = PBXGroup;
			children = (
				A75416A0267C9390007D39E2 /* BaseViewController.swift */,
				A71B733B267B3F0000B76E4E /* BaseLabel.swift */,
			);
			path = Base;
			sourceTree = "<group>";
		};
		A71B733D267B487400B76E4E /* Tabbar */ = {
			isa = PBXGroup;
			children = (
				A7541696267C77D3007D39E2 /* OBTabbarController.swift */,
			);
			path = Tabbar;
			sourceTree = "<group>";
		};
		A754169A267C8E9F007D39E2 /* Features */ = {
			isa = PBXGroup;
			children = (
				A754169B267C9303007D39E2 /* Bookshelf */,
				A7DAA24A2681E831003A3D15 /* Subscribe */,
				A7DAA2462681E586003A3D15 /* Source */,
				A7DAA2412681E1D8003A3D15 /* Mine */,
			);
			path = Features;
			sourceTree = "<group>";
		};
		A754169B267C9303007D39E2 /* Bookshelf */ = {
			isa = PBXGroup;
			children = (
				A7DAA2432681E561003A3D15 /* ViewController */,
			);
			path = Bookshelf;
			sourceTree = "<group>";
		};
		A754DB2226525B8400007C94 = {
			isa = PBXGroup;
			children = (
				A754DB2D26525B8400007C94 /* OneBook */,
				A754DB2C26525B8400007C94 /* Products */,
				0124882CF0E2766F06F5EA10 /* Pods */,
				148644D1137E94C436692B5F /* Frameworks */,
			);
			sourceTree = "<group>";
		};
		A754DB2C26525B8400007C94 /* Products */ = {
			isa = PBXGroup;
			children = (
				A754DB2B26525B8400007C94 /* OneBook.app */,
			);
			name = Products;
			sourceTree = "<group>";
		};
		A754DB2D26525B8400007C94 /* OneBook */ = {
			isa = PBXGroup;
			children = (
				A7F01A9B26D76235008CF286 /* SplashScreenView.swift */,
				A7F01A6B26D4C8E4008CF286 /* R.generated.swift */,
				A7F01A6026D49236008CF286 /* Extension */,
				A754169A267C8E9F007D39E2 /* Features */,
				A71B7332267B285D00B76E4E /* Foundations */,
				A7DDA00F26675E5000ED525B /* Themes */,
				A754DB442652618B00007C94 /* Configurations */,
				A754DB2E26525B8400007C94 /* AppDelegate.swift */,
				A754DB3026525B8400007C94 /* SceneDelegate.swift */,
				A754DB3226525B8400007C94 /* ViewController.swift */,
				A71B7330267B282C00B76E4E /* TableViewController.swift */,
				A768C636265CEBB70012074F /* LayoutableButton.swift */,
				A71B7339267B332A00B76E4E /* Singleton.swift */,
				A754DB3426525B8400007C94 /* Main.storyboard */,
				A754DB3726525B8500007C94 /* Assets.xcassets */,
				A754DB3926525B8500007C94 /* LaunchScreen.storyboard */,
				A754DB3C26525B8500007C94 /* Info.plist */,
				A762297E26EA0BD100E61B45 /* FindResponds.swift */,
			);
			path = OneBook;
			sourceTree = "<group>";
		};
		A754DB442652618B00007C94 /* Configurations */ = {
			isa = PBXGroup;
			children = (
				A754DB45265261AB00007C94 /* Project */,
			);
			path = Configurations;
			sourceTree = "<group>";
		};
		A754DB45265261AB00007C94 /* Project */ = {
			isa = PBXGroup;
			children = (
			);
			path = Project;
			sourceTree = "<group>";
		};
		A7DAA2412681E1D8003A3D15 /* Mine */ = {
			isa = PBXGroup;
			children = (
				A7DAA2422681E555003A3D15 /* ViewController */,
			);
			path = Mine;
			sourceTree = "<group>";
		};
		A7DAA2422681E555003A3D15 /* ViewController */ = {
			isa = PBXGroup;
			children = (
				A7DAA2442681E573003A3D15 /* MineViewController.swift */,
				A72803ED26BA7C5200BA9A17 /* UserInfomationMenuView.swift */,
			);
			path = ViewController;
			sourceTree = "<group>";
		};
		A7DAA2432681E561003A3D15 /* ViewController */ = {
			isa = PBXGroup;
			children = (
				A754169E267C9353007D39E2 /* BookshelfViewController.swift */,
				A7F2C34B268D584200C1D3F7 /* THAccountInfoModel.swift */,
				A77C9F632AFC78A0004311E6 /* OBWebVC.swift */,
				A7FF62CF2B4E85DB007079A6 /* CodeInputView.swift */,
			);
			path = ViewController;
			sourceTree = "<group>";
		};
		A7DAA2462681E586003A3D15 /* Source */ = {
			isa = PBXGroup;
			children = (
				A7DAA2492681E809003A3D15 /* ViewController */,
			);
			path = Source;
			sourceTree = "<group>";
		};
		A7DAA2492681E809003A3D15 /* ViewController */ = {
			isa = PBXGroup;
			children = (
				A7DAA2472681E803003A3D15 /* SourceViewController.swift */,
				A7996E4727DAE44B00EACD90 /* GenericsDictionary.swift */,
			);
			path = ViewController;
			sourceTree = "<group>";
		};
		A7DAA24A2681E831003A3D15 /* Subscribe */ = {
			isa = PBXGroup;
			children = (
				A7DAA24B2681E859003A3D15 /* ViewController */,
			);
			path = Subscribe;
			sourceTree = "<group>";
		};
		A7DAA24B2681E859003A3D15 /* ViewController */ = {
			isa = PBXGroup;
			children = (
				A7DAA24C2681E86B003A3D15 /* SubscibeViewController.swift */,
				A760D36926B7A22200E2F5AB /* UComicTCell.swift */,
				A7E961282AE2228F0099052B /* InputFooterView.swift */,
			);
			path = ViewController;
			sourceTree = "<group>";
		};
		A7DDA00F26675E5000ED525B /* Themes */ = {
			isa = PBXGroup;
			children = (
				A7DDA0102667600400ED525B /* GlobalPicker.swift */,
				A7DDA0122667624A00ED525B /* MyThemes.swift */,
			);
			path = Themes;
			sourceTree = "<group>";
		};
		A7F01A6026D49236008CF286 /* Extension */ = {
			isa = PBXGroup;
			children = (
				A7F01A6726D496F9008CF286 /* String */,
				A7F01A6426D49651008CF286 /* UIStateEnum */,
				A7F01A6126D4926E008CF286 /* UIView */,
				A765E82C2B85D81500A224EC /* Continuation.swift */,
			);
			path = Extension;
			sourceTree = "<group>";
		};
		A7F01A6126D4926E008CF286 /* UIView */ = {
			isa = PBXGroup;
			children = (
				A7F01A6226D49284008CF286 /* UIViewRxEmptyDataExtension.swift */,
			);
			path = UIView;
			sourceTree = "<group>";
		};
		A7F01A6426D49651008CF286 /* UIStateEnum */ = {
			isa = PBXGroup;
			children = (
				A7F01A6526D49679008CF286 /* UIStateEnum.swift */,
			);
			path = UIStateEnum;
			sourceTree = "<group>";
		};
		A7F01A6726D496F9008CF286 /* String */ = {
			isa = PBXGroup;
			children = (
			);
			path = String;
			sourceTree = "<group>";
		};
/* End PBXGroup section */

/* Begin PBXNativeTarget section */
		A754DB2A26525B8400007C94 /* OneBook */ = {
			isa = PBXNativeTarget;
			buildConfigurationList = A754DB3F26525B8500007C94 /* Build configuration list for PBXNativeTarget "OneBook" */;
			buildPhases = (
				E3547CCB5FDFF211829666C2 /* [CP] Check Pods Manifest.lock */,
				A7F01A6A26D4C798008CF286 /* R.swift */,
				A754DB2726525B8400007C94 /* Sources */,
				A754DB2826525B8400007C94 /* Frameworks */,
				A754DB2926525B8400007C94 /* Resources */,
				766181E35BF76748462193F3 /* [CP] Embed Pods Frameworks */,
				A7717CB2266F69210015CAD5 /* Embed Frameworks */,
				A7717CB3266F69350015CAD5 /* ShellScript */,
			);
			buildRules = (
			);
			dependencies = (
			);
			name = OneBook;
			productName = OneBook;
			productReference = A754DB2B26525B8400007C94 /* OneBook.app */;
			productType = "com.apple.product-type.application";
		};
/* End PBXNativeTarget section */

/* Begin PBXProject section */
		A754DB2326525B8400007C94 /* Project object */ = {
			isa = PBXProject;
			attributes = {
				LastSwiftUpdateCheck = 1250;
				LastUpgradeCheck = 1250;
				TargetAttributes = {
					A754DB2A26525B8400007C94 = {
						CreatedOnToolsVersion = 12.5;
					};
				};
			};
			buildConfigurationList = A754DB2626525B8400007C94 /* Build configuration list for PBXProject "OneBook" */;
			compatibilityVersion = "Xcode 9.3";
			developmentRegion = en;
			hasScannedForEncodings = 0;
			knownRegions = (
				en,
				Base,
			);
			mainGroup = A754DB2226525B8400007C94;
			productRefGroup = A754DB2C26525B8400007C94 /* Products */;
			projectDirPath = "";
			projectRoot = "";
			targets = (
				A754DB2A26525B8400007C94 /* OneBook */,
			);
		};
/* End PBXProject section */

/* Begin PBXResourcesBuildPhase section */
		A754DB2926525B8400007C94 /* Resources */ = {
			isa = PBXResourcesBuildPhase;
			buildActionMask = 2147483647;
			files = (
				A754DB3B26525B8500007C94 /* LaunchScreen.storyboard in Resources */,
				A754DB3826525B8500007C94 /* Assets.xcassets in Resources */,
				A754DB3626525B8400007C94 /* Main.storyboard in Resources */,
			);
			runOnlyForDeploymentPostprocessing = 0;
		};
/* End PBXResourcesBuildPhase section */

/* Begin PBXShellScriptBuildPhase section */
		766181E35BF76748462193F3 /* [CP] Embed Pods Frameworks */ = {
			isa = PBXShellScriptBuildPhase;
			buildActionMask = 2147483647;
			files = (
			);
			inputFileListPaths = (
				"${PODS_ROOT}/Target Support Files/Pods-OneBook/Pods-OneBook-frameworks-${CONFIGURATION}-input-files.xcfilelist",
			);
			name = "[CP] Embed Pods Frameworks";
			outputFileListPaths = (
				"${PODS_ROOT}/Target Support Files/Pods-OneBook/Pods-OneBook-frameworks-${CONFIGURATION}-output-files.xcfilelist",
			);
			runOnlyForDeploymentPostprocessing = 0;
			shellPath = /bin/sh;
			shellScript = "\"${PODS_ROOT}/Target Support Files/Pods-OneBook/Pods-OneBook-frameworks.sh\"\n";
			showEnvVarsInLog = 0;
		};
		A7717CB3266F69350015CAD5 /* ShellScript */ = {
			isa = PBXShellScriptBuildPhase;
			buildActionMask = 2147483647;
			files = (
			);
			inputFileListPaths = (
			);
			inputPaths = (
			);
			outputFileListPaths = (
			);
			outputPaths = (
			);
			runOnlyForDeploymentPostprocessing = 0;
			shellPath = /bin/sh;
			shellScript = " APP_PATH=\"${TARGET_BUILD_DIR}/${WRAPPER_NAME}\"\n\nfind \"$APP_PATH\" -name '*.framework' -type d | while read -r FRAMEWORK\ndo\nFRAMEWORK_EXECUTABLE_NAME=$(defaults read \"$FRAMEWORK/Info.plist\" CFBundleExecutable)\nFRAMEWORK_EXECUTABLE_PATH=\"$FRAMEWORK/$FRAMEWORK_EXECUTABLE_NAME\"\necho \"Executable is $FRAMEWORK_EXECUTABLE_PATH\"\necho $(lipo -info \"$FRAMEWORK_EXECUTABLE_PATH\")\n\nFRAMEWORK_TMP_PATH=\"$FRAMEWORK_EXECUTABLE_PATH-tmp\"\n\ncase \"${TARGET_BUILD_DIR}\" in\n*\"iphonesimulator\")\n    echo \"No need to remove archs\"\n    ;;\n*)\n    if $(lipo \"$FRAMEWORK_EXECUTABLE_PATH\" -verify_arch \"i386\") ; then\n    lipo -output \"$FRAMEWORK_TMP_PATH\" -remove \"i386\" \"$FRAMEWORK_EXECUTABLE_PATH\"\n    echo \"i386 architecture removed\"\n    rm \"$FRAMEWORK_EXECUTABLE_PATH\"\n    mv \"$FRAMEWORK_TMP_PATH\" \"$FRAMEWORK_EXECUTABLE_PATH\"\n    fi\n    if $(lipo \"$FRAMEWORK_EXECUTABLE_PATH\" -verify_arch \"x86_64\") ; then\n    lipo -output \"$FRAMEWORK_TMP_PATH\" -remove \"x86_64\" \"$FRAMEWORK_EXECUTABLE_PATH\"\n    echo \"x86_64 architecture removed\"\n    rm \"$FRAMEWORK_EXECUTABLE_PATH\"\n    mv \"$FRAMEWORK_TMP_PATH\" \"$FRAMEWORK_EXECUTABLE_PATH\"\n    fi\n    ;;\nesac\n\necho \"Completed for executable $FRAMEWORK_EXECUTABLE_PATH\"\necho $(lipo -info \"$FRAMEWORK_EXECUTABLE_PATH\")\n\ndone\n";
		};
		A7F01A6A26D4C798008CF286 /* R.swift */ = {
			isa = PBXShellScriptBuildPhase;
			buildActionMask = 2147483647;
			files = (
			);
			inputFileListPaths = (
			);
			inputPaths = (
				"$TEMP_DIR/rswift-lastrun",
			);
			name = R.swift;
			outputFileListPaths = (
			);
			outputPaths = (
				$SRCROOT/R.generated.swift,
			);
			runOnlyForDeploymentPostprocessing = 0;
			shellPath = /bin/sh;
			shellScript = "\"$PODS_ROOT/R.swift/rswift\" generate \"$SRCROOT/R.generated.swift\"\n";
		};
		E3547CCB5FDFF211829666C2 /* [CP] Check Pods Manifest.lock */ = {
			isa = PBXShellScriptBuildPhase;
			buildActionMask = 2147483647;
			files = (
			);
			inputFileListPaths = (
			);
			inputPaths = (
				"${PODS_PODFILE_DIR_PATH}/Podfile.lock",
				"${PODS_ROOT}/Manifest.lock",
			);
			name = "[CP] Check Pods Manifest.lock";
			outputFileListPaths = (
			);
			outputPaths = (
				"$(DERIVED_FILE_DIR)/Pods-OneBook-checkManifestLockResult.txt",
			);
			runOnlyForDeploymentPostprocessing = 0;
			shellPath = /bin/sh;
			shellScript = "diff \"${PODS_PODFILE_DIR_PATH}/Podfile.lock\" \"${PODS_ROOT}/Manifest.lock\" > /dev/null\nif [ $? != 0 ] ; then\n    # print error to STDERR\n    echo \"error: The sandbox is not in sync with the Podfile.lock. Run 'pod install' or update your CocoaPods installation.\" >&2\n    exit 1\nfi\n# This output is used by Xcode 'outputs' to avoid re-running this script phase.\necho \"SUCCESS\" > \"${SCRIPT_OUTPUT_FILE_0}\"\n";
			showEnvVarsInLog = 0;
		};
/* End PBXShellScriptBuildPhase section */

/* Begin PBXSourcesBuildPhase section */
		A754DB2726525B8400007C94 /* Sources */ = {
			isa = PBXSourcesBuildPhase;
			buildActionMask = 2147483647;
			files = (
				A75416A1267C9390007D39E2 /* BaseViewController.swift in Sources */,
				A7996E4827DAE44B00EACD90 /* GenericsDictionary.swift in Sources */,
				A7DAA2452681E573003A3D15 /* MineViewController.swift in Sources */,
				A754169F267C9353007D39E2 /* BookshelfViewController.swift in Sources */,
				A7DAA2482681E803003A3D15 /* SourceViewController.swift in Sources */,
				A754DB3326525B8400007C94 /* ViewController.swift in Sources */,
				A71B7331267B282C00B76E4E /* TableViewController.swift in Sources */,
				A7DDA0112667600400ED525B /* GlobalPicker.swift in Sources */,
				A765E82D2B85D81500A224EC /* Continuation.swift in Sources */,
				A71B733A267B332A00B76E4E /* Singleton.swift in Sources */,
				A7F01A6C26D4C8E4008CF286 /* R.generated.swift in Sources */,
				A7F01A6626D49679008CF286 /* UIStateEnum.swift in Sources */,
				A760D36A26B7A22200E2F5AB /* UComicTCell.swift in Sources */,
				A754DB2F26525B8400007C94 /* AppDelegate.swift in Sources */,
				A7F2C34C268D584200C1D3F7 /* THAccountInfoModel.swift in Sources */,
				A7E961292AE2228F0099052B /* InputFooterView.swift in Sources */,
				A7F01A6326D49284008CF286 /* UIViewRxEmptyDataExtension.swift in Sources */,
				A7DAA24D2681E86B003A3D15 /* SubscibeViewController.swift in Sources */,
				A762297F26EA0BD100E61B45 /* FindResponds.swift in Sources */,
				A7FF62D02B4E85DB007079A6 /* CodeInputView.swift in Sources */,
				A7F01A9C26D76235008CF286 /* SplashScreenView.swift in Sources */,
				A754DB3126525B8400007C94 /* SceneDelegate.swift in Sources */,
				A7DDA0132667624A00ED525B /* MyThemes.swift in Sources */,
				A72803EE26BA7C5200BA9A17 /* UserInfomationMenuView.swift in Sources */,
				A77C9F642AFC78A0004311E6 /* OBWebVC.swift in Sources */,
				A768C637265CEBB70012074F /* LayoutableButton.swift in Sources */,
				A7541697267C77D3007D39E2 /* OBTabbarController.swift in Sources */,
				A71B733C267B3F0000B76E4E /* BaseLabel.swift in Sources */,
			);
			runOnlyForDeploymentPostprocessing = 0;
		};
/* End PBXSourcesBuildPhase section */

/* Begin PBXVariantGroup section */
		A754DB3426525B8400007C94 /* Main.storyboard */ = {
			isa = PBXVariantGroup;
			children = (
				A754DB3526525B8400007C94 /* Base */,
			);
			name = Main.storyboard;
			sourceTree = "<group>";
		};
		A754DB3926525B8500007C94 /* LaunchScreen.storyboard */ = {
			isa = PBXVariantGroup;
			children = (
				A754DB3A26525B8500007C94 /* Base */,
			);
			name = LaunchScreen.storyboard;
			sourceTree = "<group>";
		};
/* End PBXVariantGroup section */

/* Begin XCBuildConfiguration section */
		A754DB3D26525B8500007C94 /* Debug */ = {
			isa = XCBuildConfiguration;
			buildSettings = {
				ALWAYS_SEARCH_USER_PATHS = NO;
				CLANG_ANALYZER_NONNULL = YES;
				CLANG_ANALYZER_NUMBER_OBJECT_CONVERSION = YES_AGGRESSIVE;
				CLANG_CXX_LANGUAGE_STANDARD = "gnu++14";
				CLANG_CXX_LIBRARY = "libc++";
				CLANG_ENABLE_MODULES = YES;
				CLANG_ENABLE_OBJC_ARC = YES;
				CLANG_ENABLE_OBJC_WEAK = YES;
				CLANG_WARN_BLOCK_CAPTURE_AUTORELEASING = YES;
				CLANG_WARN_BOOL_CONVERSION = YES;
				CLANG_WARN_COMMA = YES;
				CLANG_WARN_CONSTANT_CONVERSION = YES;
				CLANG_WARN_DEPRECATED_OBJC_IMPLEMENTATIONS = YES;
				CLANG_WARN_DIRECT_OBJC_ISA_USAGE = YES_ERROR;
				CLANG_WARN_DOCUMENTATION_COMMENTS = YES;
				CLANG_WARN_EMPTY_BODY = YES;
				CLANG_WARN_ENUM_CONVERSION = YES;
				CLANG_WARN_INFINITE_RECURSION = YES;
				CLANG_WARN_INT_CONVERSION = YES;
				CLANG_WARN_NON_LITERAL_NULL_CONVERSION = YES;
				CLANG_WARN_OBJC_IMPLICIT_RETAIN_SELF = YES;
				CLANG_WARN_OBJC_LITERAL_CONVERSION = YES;
				CLANG_WARN_OBJC_ROOT_CLASS = YES_ERROR;
				CLANG_WARN_QUOTED_INCLUDE_IN_FRAMEWORK_HEADER = YES;
				CLANG_WARN_RANGE_LOOP_ANALYSIS = YES;
				CLANG_WARN_STRICT_PROTOTYPES = YES;
				CLANG_WARN_SUSPICIOUS_MOVE = YES;
				CLANG_WARN_UNGUARDED_AVAILABILITY = YES_AGGRESSIVE;
				CLANG_WARN_UNREACHABLE_CODE = YES;
				CLANG_WARN__DUPLICATE_METHOD_MATCH = YES;
				COPY_PHASE_STRIP = NO;
				DEBUG_INFORMATION_FORMAT = dwarf;
				ENABLE_STRICT_OBJC_MSGSEND = YES;
				ENABLE_TESTABILITY = YES;
				GCC_C_LANGUAGE_STANDARD = gnu11;
				GCC_DYNAMIC_NO_PIC = NO;
				GCC_NO_COMMON_BLOCKS = YES;
				GCC_OPTIMIZATION_LEVEL = 0;
				GCC_PREPROCESSOR_DEFINITIONS = (
					"DEBUG=1",
					"$(inherited)",
				);
				GCC_WARN_64_TO_32_BIT_CONVERSION = YES;
				GCC_WARN_ABOUT_RETURN_TYPE = YES_ERROR;
				GCC_WARN_UNDECLARED_SELECTOR = YES;
				GCC_WARN_UNINITIALIZED_AUTOS = YES_AGGRESSIVE;
				GCC_WARN_UNUSED_FUNCTION = YES;
				GCC_WARN_UNUSED_VARIABLE = YES;
				IPHONEOS_DEPLOYMENT_TARGET = 15.0;
				MTL_ENABLE_DEBUG_INFO = INCLUDE_SOURCE;
				MTL_FAST_MATH = YES;
				ONLY_ACTIVE_ARCH = YES;
				SDKROOT = iphoneos;
				SWIFT_ACTIVE_COMPILATION_CONDITIONS = DEBUG;
				SWIFT_OPTIMIZATION_LEVEL = "-Onone";
				VALIDATE_PRODUCT = NO;
			};
			name = Debug;
		};
		A754DB3E26525B8500007C94 /* Internal */ = {
			isa = XCBuildConfiguration;
			buildSettings = {
				ALWAYS_SEARCH_USER_PATHS = NO;
				CLANG_ANALYZER_NONNULL = YES;
				CLANG_ANALYZER_NUMBER_OBJECT_CONVERSION = YES_AGGRESSIVE;
				CLANG_CXX_LANGUAGE_STANDARD = "gnu++14";
				CLANG_CXX_LIBRARY = "libc++";
				CLANG_ENABLE_MODULES = YES;
				CLANG_ENABLE_OBJC_ARC = YES;
				CLANG_ENABLE_OBJC_WEAK = YES;
				CLANG_WARN_BLOCK_CAPTURE_AUTORELEASING = YES;
				CLANG_WARN_BOOL_CONVERSION = YES;
				CLANG_WARN_COMMA = YES;
				CLANG_WARN_CONSTANT_CONVERSION = YES;
				CLANG_WARN_DEPRECATED_OBJC_IMPLEMENTATIONS = YES;
				CLANG_WARN_DIRECT_OBJC_ISA_USAGE = YES_ERROR;
				CLANG_WARN_DOCUMENTATION_COMMENTS = YES;
				CLANG_WARN_EMPTY_BODY = YES;
				CLANG_WARN_ENUM_CONVERSION = YES;
				CLANG_WARN_INFINITE_RECURSION = YES;
				CLANG_WARN_INT_CONVERSION = YES;
				CLANG_WARN_NON_LITERAL_NULL_CONVERSION = YES;
				CLANG_WARN_OBJC_IMPLICIT_RETAIN_SELF = YES;
				CLANG_WARN_OBJC_LITERAL_CONVERSION = YES;
				CLANG_WARN_OBJC_ROOT_CLASS = YES_ERROR;
				CLANG_WARN_QUOTED_INCLUDE_IN_FRAMEWORK_HEADER = YES;
				CLANG_WARN_RANGE_LOOP_ANALYSIS = YES;
				CLANG_WARN_STRICT_PROTOTYPES = YES;
				CLANG_WARN_SUSPICIOUS_MOVE = YES;
				CLANG_WARN_UNGUARDED_AVAILABILITY = YES_AGGRESSIVE;
				CLANG_WARN_UNREACHABLE_CODE = YES;
				CLANG_WARN__DUPLICATE_METHOD_MATCH = YES;
				COPY_PHASE_STRIP = NO;
				DEBUG_INFORMATION_FORMAT = "dwarf-with-dsym";
				ENABLE_NS_ASSERTIONS = NO;
				ENABLE_STRICT_OBJC_MSGSEND = YES;
				GCC_C_LANGUAGE_STANDARD = gnu11;
				GCC_NO_COMMON_BLOCKS = YES;
				GCC_WARN_64_TO_32_BIT_CONVERSION = YES;
				GCC_WARN_ABOUT_RETURN_TYPE = YES_ERROR;
				GCC_WARN_UNDECLARED_SELECTOR = YES;
				GCC_WARN_UNINITIALIZED_AUTOS = YES_AGGRESSIVE;
				GCC_WARN_UNUSED_FUNCTION = YES;
				GCC_WARN_UNUSED_VARIABLE = YES;
				IPHONEOS_DEPLOYMENT_TARGET = 15.0;
				MTL_ENABLE_DEBUG_INFO = NO;
				MTL_FAST_MATH = YES;
				SDKROOT = iphoneos;
				SWIFT_COMPILATION_MODE = wholemodule;
				SWIFT_OPTIMIZATION_LEVEL = "-O";
				VALIDATE_PRODUCT = YES;
			};
			name = Internal;
		};
		A754DB4026525B8500007C94 /* Debug */ = {
			isa = XCBuildConfiguration;
			baseConfigurationReference = 9341A568208A2A799F49F78B /* Pods-OneBook.debug.xcconfig */;
			buildSettings = {
				ASSETCATALOG_COMPILER_APPICON_NAME = AppIcon;
				ASSETCATALOG_COMPILER_GLOBAL_ACCENT_COLOR_NAME = AccentColor;
				CODE_SIGN_STYLE = Automatic;
				DEVELOPMENT_TEAM = W4K2VDAUN8;
				FRAMEWORK_SEARCH_PATHS = (
					"$(inherited)",
					"$(PROJECT_DIR)",
				);
				INFOPLIST_FILE = OneBook/Info.plist;
				LD_RUNPATH_SEARCH_PATHS = (
					"$(inherited)",
					"@executable_path/Frameworks",
				);
				OTHER_LDFLAGS = (
					"$(inherited)",
					"-Objc",
					"-framework",
					"\"SwiftTheme\"",
				);
				PRODUCT_BUNDLE_IDENTIFIER = nettop.OneBook;
				PRODUCT_NAME = "$(TARGET_NAME)";
				SWIFT_VERSION = 5.0;
				TARGETED_DEVICE_FAMILY = "1,2";
				VALIDATE_WORKSPACE = NO;
			};
			name = Debug;
		};
		A754DB4126525B8500007C94 /* Internal */ = {
			isa = XCBuildConfiguration;
			baseConfigurationReference = 2D1BA5D4258A67E75F3A70B3 /* Pods-OneBook.internal.xcconfig */;
			buildSettings = {
				ASSETCATALOG_COMPILER_APPICON_NAME = AppIcon;
				ASSETCATALOG_COMPILER_GLOBAL_ACCENT_COLOR_NAME = AccentColor;
				CODE_SIGN_STYLE = Automatic;
				DEVELOPMENT_TEAM = W4K2VDAUN8;
				FRAMEWORK_SEARCH_PATHS = (
					"$(inherited)",
					"$(PROJECT_DIR)",
				);
				INFOPLIST_FILE = OneBook/Info.plist;
				LD_RUNPATH_SEARCH_PATHS = (
					"$(inherited)",
					"@executable_path/Frameworks",
				);
				OTHER_LDFLAGS = (
					"$(inherited)",
					"-Objc",
					"-framework",
					"\"SwiftTheme\"",
				);
				PRODUCT_BUNDLE_IDENTIFIER = nettop.OneBook;
				PRODUCT_NAME = "$(TARGET_NAME)";
				SWIFT_VERSION = 5.0;
				TARGETED_DEVICE_FAMILY = "1,2";
				VALIDATE_PRODUCT = YES;
				VALIDATE_WORKSPACE = NO;
			};
			name = Internal;
		};
		A754DB4226525BBC00007C94 /* AppStore */ = {
			isa = XCBuildConfiguration;
			buildSettings = {
				ALWAYS_SEARCH_USER_PATHS = NO;
				CLANG_ANALYZER_NONNULL = YES;
				CLANG_ANALYZER_NUMBER_OBJECT_CONVERSION = YES_AGGRESSIVE;
				CLANG_CXX_LANGUAGE_STANDARD = "gnu++14";
				CLANG_CXX_LIBRARY = "libc++";
				CLANG_ENABLE_MODULES = YES;
				CLANG_ENABLE_OBJC_ARC = YES;
				CLANG_ENABLE_OBJC_WEAK = YES;
				CLANG_WARN_BLOCK_CAPTURE_AUTORELEASING = YES;
				CLANG_WARN_BOOL_CONVERSION = YES;
				CLANG_WARN_COMMA = YES;
				CLANG_WARN_CONSTANT_CONVERSION = YES;
				CLANG_WARN_DEPRECATED_OBJC_IMPLEMENTATIONS = YES;
				CLANG_WARN_DIRECT_OBJC_ISA_USAGE = YES_ERROR;
				CLANG_WARN_DOCUMENTATION_COMMENTS = YES;
				CLANG_WARN_EMPTY_BODY = YES;
				CLANG_WARN_ENUM_CONVERSION = YES;
				CLANG_WARN_INFINITE_RECURSION = YES;
				CLANG_WARN_INT_CONVERSION = YES;
				CLANG_WARN_NON_LITERAL_NULL_CONVERSION = YES;
				CLANG_WARN_OBJC_IMPLICIT_RETAIN_SELF = YES;
				CLANG_WARN_OBJC_LITERAL_CONVERSION = YES;
				CLANG_WARN_OBJC_ROOT_CLASS = YES_ERROR;
				CLANG_WARN_QUOTED_INCLUDE_IN_FRAMEWORK_HEADER = YES;
				CLANG_WARN_RANGE_LOOP_ANALYSIS = YES;
				CLANG_WARN_STRICT_PROTOTYPES = YES;
				CLANG_WARN_SUSPICIOUS_MOVE = YES;
				CLANG_WARN_UNGUARDED_AVAILABILITY = YES_AGGRESSIVE;
				CLANG_WARN_UNREACHABLE_CODE = YES;
				CLANG_WARN__DUPLICATE_METHOD_MATCH = YES;
				COPY_PHASE_STRIP = NO;
				DEBUG_INFORMATION_FORMAT = "dwarf-with-dsym";
				ENABLE_NS_ASSERTIONS = NO;
				ENABLE_STRICT_OBJC_MSGSEND = YES;
				GCC_C_LANGUAGE_STANDARD = gnu11;
				GCC_NO_COMMON_BLOCKS = YES;
				GCC_WARN_64_TO_32_BIT_CONVERSION = YES;
				GCC_WARN_ABOUT_RETURN_TYPE = YES_ERROR;
				GCC_WARN_UNDECLARED_SELECTOR = YES;
				GCC_WARN_UNINITIALIZED_AUTOS = YES_AGGRESSIVE;
				GCC_WARN_UNUSED_FUNCTION = YES;
				GCC_WARN_UNUSED_VARIABLE = YES;
				IPHONEOS_DEPLOYMENT_TARGET = 15.0;
				MTL_ENABLE_DEBUG_INFO = NO;
				MTL_FAST_MATH = YES;
				SDKROOT = iphoneos;
				SWIFT_COMPILATION_MODE = wholemodule;
				SWIFT_OPTIMIZATION_LEVEL = "-O";
				VALIDATE_PRODUCT = YES;
			};
			name = AppStore;
		};
		A754DB4326525BBC00007C94 /* AppStore */ = {
			isa = XCBuildConfiguration;
			baseConfigurationReference = CD58DFCBE1B394A4858DAD7D /* Pods-OneBook.appstore.xcconfig */;
			buildSettings = {
				ASSETCATALOG_COMPILER_APPICON_NAME = AppIcon;
				ASSETCATALOG_COMPILER_GLOBAL_ACCENT_COLOR_NAME = AccentColor;
				CODE_SIGN_STYLE = Automatic;
				DEVELOPMENT_TEAM = W4K2VDAUN8;
				FRAMEWORK_SEARCH_PATHS = (
					"$(inherited)",
					"$(PROJECT_DIR)",
				);
				INFOPLIST_FILE = OneBook/Info.plist;
				LD_RUNPATH_SEARCH_PATHS = (
					"$(inherited)",
					"@executable_path/Frameworks",
				);
				OTHER_LDFLAGS = (
					"$(inherited)",
					"-Objc",
					"-framework",
					"\"SwiftTheme\"",
				);
				PRODUCT_BUNDLE_IDENTIFIER = nettop.OneBook;
				PRODUCT_NAME = "$(TARGET_NAME)";
				SWIFT_VERSION = 5.0;
				TARGETED_DEVICE_FAMILY = "1,2";
				VALIDATE_WORKSPACE = NO;
			};
			name = AppStore;
		};
/* End XCBuildConfiguration section */

/* Begin XCConfigurationList section */
		A754DB2626525B8400007C94 /* Build configuration list for PBXProject "OneBook" */ = {
			isa = XCConfigurationList;
			buildConfigurations = (
				A754DB3D26525B8500007C94 /* Debug */,
				A754DB3E26525B8500007C94 /* Internal */,
				A754DB4226525BBC00007C94 /* AppStore */,
			);
			defaultConfigurationIsVisible = 0;
			defaultConfigurationName = Internal;
		};
		A754DB3F26525B8500007C94 /* Build configuration list for PBXNativeTarget "OneBook" */ = {
			isa = XCConfigurationList;
			buildConfigurations = (
				A754DB4026525B8500007C94 /* Debug */,
				A754DB4126525B8500007C94 /* Internal */,
				A754DB4326525BBC00007C94 /* AppStore */,
			);
			defaultConfigurationIsVisible = 0;
			defaultConfigurationName = Internal;
		};
/* End XCConfigurationList section */
	};
	rootObject = A754DB2326525B8400007C94 /* Project object */;
}
